
Microsoft Visual Studio Solution File, Format Version 12.00
# Visual Studio Version 17
VisualStudioVersion = 17.3.32825.248
MinimumVisualStudioVersion = 10.0.40219.1
Project("{9A19103F-16F7-4668-BE54-9A1E7A4F7556}") = "W01", "W01\W01.csproj", "{C754AAF6-E15B-4197-AC65-2A8D749F47EF}"
EndProject
Project("{9A19103F-16F7-4668-BE54-9A1E7A4F7556}") = "W02", "W02\W02.csproj", "{A723FC3D-B405-4D26-A6DC-4487F3DCC48E}"
EndProject
Project("{9A19103F-16F7-4668-BE54-9A1E7A4F7556}") = "W03", "W03\W03.csproj", "{382EC8B4-6428-43BC-8AD9-FE4CFB9EE611}"
EndProject
Project("{9A19103F-16F7-4668-BE54-9A1E7A4F7556}") = "W04", "W04\W04.csproj", "{D1F9A29C-F66A-44DC-B028-5EB4AA13B980}"
EndProject
Project("{9A19103F-16F7-4668-BE54-9A1E7A4F7556}") = "TestProject", "TestProject\TestProject.csproj", "{AC26C440-E4BD-4F00-B6E9-57F111AE7F48}"
EndProject
Project("{9A19103F-16F7-4668-BE54-9A1E7A4F7556}") = "W05", "W05\W05.csproj", "{0529E131-6B44-4498-AAB1-6C2E6C200247}"
EndProject
Project("{9A19103F-16F7-4668-BE54-9A1E7A4F7556}") = "W06", "W06\W06.csproj", "{B44D0B51-2452-4845-88CB-53E4EA36BD0A}"
EndProject
Project("{9A19103F-16F7-4668-BE54-9A1E7A4F7556}") = "W09", "W09\W09.csproj", "{035A692F-7933-425A-91DE-5F0AF60078EB}"
EndProject
Project("{9A19103F-16F7-4668-BE54-9A1E7A4F7556}") = "W10", "W10\W10.csproj", "{178793A6-2308-4B36-AA9E-42503427C21B}"
EndProject
Project("{9A19103F-16F7-4668-BE54-9A1E7A4F7556}") = "W11", "W11\W11.csproj", "{EBAD20A2-0FE0-4A5C-A9A2-EF74ABB02FA6}"
EndProject
Project("{9A19103F-16F7-4668-BE54-9A1E7A4F7556}") = "W12-cancelled-visa2", "W12\W12-cancelled-visa2.csproj", "{496105C0-5A79-4241-9F4C-063CACF6B530}"
EndProject
Project("{9A19103F-16F7-4668-BE54-9A1E7A4F7556}") = "W13", "W13\W13.csproj", "{EF0C22D1-932C-44BE-AC02-7389C519BC1A}"
EndProject
Project("{FAE04EC0-301F-11D3-BF4B-00C04F79EFBC}") = "W14", "W14\W14.csproj", "{05F94781-7E43-46DA-9D3B-05D0EE8E8046}"
EndProject
Global
	GlobalSection(SolutionConfigurationPlatforms) = preSolution
		Debug|Any CPU = Debug|Any CPU
		Release|Any CPU = Release|Any CPU
	EndGlobalSection
	GlobalSection(ProjectConfigurationPlatforms) = postSolution
		{C754AAF6-E15B-4197-AC65-2A8D749F47EF}.Debug|Any CPU.ActiveCfg = Debug|Any CPU
		{C754AAF6-E15B-4197-AC65-2A8D749F47EF}.Debug|Any CPU.Build.0 = Debug|Any CPU
		{C754AAF6-E15B-4197-AC65-2A8D749F47EF}.Release|Any CPU.ActiveCfg = Release|Any CPU
		{C754AAF6-E15B-4197-AC65-2A8D749F47EF}.Release|Any CPU.Build.0 = Release|Any CPU
		{A723FC3D-B405-4D26-A6DC-4487F3DCC48E}.Debug|Any CPU.ActiveCfg = Debug|Any CPU
		{A723FC3D-B405-4D26-A6DC-4487F3DCC48E}.Debug|Any CPU.Build.0 = Debug|Any CPU
		{A723FC3D-B405-4D26-A6DC-4487F3DCC48E}.Release|Any CPU.ActiveCfg = Release|Any CPU
		{A723FC3D-B405-4D26-A6DC-4487F3DCC48E}.Release|Any CPU.Build.0 = Release|Any CPU
		{382EC8B4-6428-43BC-8AD9-FE4CFB9EE611}.Debug|Any CPU.ActiveCfg = Debug|Any CPU
		{382EC8B4-6428-43BC-8AD9-FE4CFB9EE611}.Debug|Any CPU.Build.0 = Debug|Any CPU
		{382EC8B4-6428-43BC-8AD9-FE4CFB9EE611}.Release|Any CPU.ActiveCfg = Release|Any CPU
		{382EC8B4-6428-43BC-8AD9-FE4CFB9EE611}.Release|Any CPU.Build.0 = Release|Any CPU
		{D1F9A29C-F66A-44DC-B028-5EB4AA13B980}.Debug|Any CPU.ActiveCfg = Debug|Any CPU
		{D1F9A29C-F66A-44DC-B028-5EB4AA13B980}.Debug|Any CPU.Build.0 = Debug|Any CPU
		{D1F9A29C-F66A-44DC-B028-5EB4AA13B980}.Release|Any CPU.ActiveCfg = Release|Any CPU
		{D1F9A29C-F66A-44DC-B028-5EB4AA13B980}.Release|Any CPU.Build.0 = Release|Any CPU
		{AC26C440-E4BD-4F00-B6E9-57F111AE7F48}.Debug|Any CPU.ActiveCfg = Debug|Any CPU
		{AC26C440-E4BD-4F00-B6E9-57F111AE7F48}.Debug|Any CPU.Build.0 = Debug|Any CPU
		{AC26C440-E4BD-4F00-B6E9-57F111AE7F48}.Release|Any CPU.ActiveCfg = Release|Any CPU
		{AC26C440-E4BD-4F00-B6E9-57F111AE7F48}.Release|Any CPU.Build.0 = Release|Any CPU
		{0529E131-6B44-4498-AAB1-6C2E6C200247}.Debug|Any CPU.ActiveCfg = Debug|Any CPU
		{0529E131-6B44-4498-AAB1-6C2E6C200247}.Debug|Any CPU.Build.0 = Debug|Any CPU
		{0529E131-6B44-4498-AAB1-6C2E6C200247}.Release|Any CPU.ActiveCfg = Release|Any CPU
		{0529E131-6B44-4498-AAB1-6C2E6C200247}.Release|Any CPU.Build.0 = Release|Any CPU
		{B44D0B51-2452-4845-88CB-53E4EA36BD0A}.Debug|Any CPU.ActiveCfg = Debug|Any CPU
		{B44D0B51-2452-4845-88CB-53E4EA36BD0A}.Debug|Any CPU.Build.0 = Debug|Any CPU
		{B44D0B51-2452-4845-88CB-53E4EA36BD0A}.Release|Any CPU.ActiveCfg = Release|Any CPU
		{B44D0B51-2452-4845-88CB-53E4EA36BD0A}.Release|Any CPU.Build.0 = Release|Any CPU
		{035A692F-7933-425A-91DE-5F0AF60078EB}.Debug|Any CPU.ActiveCfg = Debug|Any CPU
		{035A692F-7933-425A-91DE-5F0AF60078EB}.Debug|Any CPU.Build.0 = Debug|Any CPU
		{035A692F-7933-425A-91DE-5F0AF60078EB}.Release|Any CPU.ActiveCfg = Release|Any CPU
		{035A692F-7933-425A-91DE-5F0AF60078EB}.Release|Any CPU.Build.0 = Release|Any CPU
		{178793A6-2308-4B36-AA9E-42503427C21B}.Debug|Any CPU.ActiveCfg = Debug|Any CPU
		{178793A6-2308-4B36-AA9E-42503427C21B}.Debug|Any CPU.Build.0 = Debug|Any CPU
		{178793A6-2308-4B36-AA9E-42503427C21B}.Release|Any CPU.ActiveCfg = Release|Any CPU
		{178793A6-2308-4B36-AA9E-42503427C21B}.Release|Any CPU.Build.0 = Release|Any CPU
		{EBAD20A2-0FE0-4A5C-A9A2-EF74ABB02FA6}.Debug|Any CPU.ActiveCfg = Debug|Any CPU
		{EBAD20A2-0FE0-4A5C-A9A2-EF74ABB02FA6}.Debug|Any CPU.Build.0 = Debug|Any CPU
		{EBAD20A2-0FE0-4A5C-A9A2-EF74ABB02FA6}.Release|Any CPU.ActiveCfg = Release|Any CPU
		{EBAD20A2-0FE0-4A5C-A9A2-EF74ABB02FA6}.Release|Any CPU.Build.0 = Release|Any CPU
		{496105C0-5A79-4241-9F4C-063CACF6B530}.Debug|Any CPU.ActiveCfg = Debug|Any CPU
		{496105C0-5A79-4241-9F4C-063CACF6B530}.Debug|Any CPU.Build.0 = Debug|Any CPU
		{496105C0-5A79-4241-9F4C-063CACF6B530}.Release|Any CPU.ActiveCfg = Release|Any CPU
		{496105C0-5A79-4241-9F4C-063CACF6B530}.Release|Any CPU.Build.0 = Release|Any CPU
		{EF0C22D1-932C-44BE-AC02-7389C519BC1A}.Debug|Any CPU.ActiveCfg = Debug|Any CPU
		{EF0C22D1-932C-44BE-AC02-7389C519BC1A}.Debug|Any CPU.Build.0 = Debug|Any CPU
		{EF0C22D1-932C-44BE-AC02-7389C519BC1A}.Release|Any CPU.ActiveCfg = Release|Any CPU
		{EF0C22D1-932C-44BE-AC02-7389C519BC1A}.Release|Any CPU.Build.0 = Release|Any CPU
		{05F94781-7E43-46DA-9D3B-05D0EE8E8046}.Debug|Any CPU.ActiveCfg = Debug|Any CPU
		{05F94781-7E43-46DA-9D3B-05D0EE8E8046}.Debug|Any CPU.Build.0 = Debug|Any CPU
		{05F94781-7E43-46DA-9D3B-05D0EE8E8046}.Release|Any CPU.ActiveCfg = Release|Any CPU
		{05F94781-7E43-46DA-9D3B-05D0EE8E8046}.Release|Any CPU.Build.0 = Release|Any CPU
	EndGlobalSection
	GlobalSection(SolutionProperties) = preSolution
		HideSolutionNode = FALSE
	EndGlobalSection
	GlobalSection(ExtensibilityGlobals) = postSolution
		SolutionGuid = {BC24896D-F70D-454F-B9D7-EDFA5AFB678B}
	EndGlobalSection
EndGlobal
